{
  "requires": true,
  "lockfileVersion": 1,
  "dependencies": {
    "@popmotion/easing": {
      "version": "1.0.2",
      "resolved": "https://registry.npmjs.org/@popmotion/easing/-/easing-1.0.2.tgz",
      "integrity": "sha512-IkdW0TNmRnWTeWI7aGQIVDbKXPWHVEYdGgd5ZR4SH/Ty/61p63jCjrPxX1XrR7IGkl08bjhJROStD7j+RKgoIw=="
    },
    "@popmotion/popcorn": {
      "version": "0.4.1",
      "resolved": "https://registry.npmjs.org/@popmotion/popcorn/-/popcorn-0.4.1.tgz",
      "integrity": "sha512-vFqx+NXPGj0iXNUPgxehayiMHR1bOpTqYYF0nypay3J6ltp831hit1ml+OBJYQkk4Dcq3GSQzSokVZdLBQuC5Q==",
      "requires": {
        "@popmotion/easing": "^1.0.1",
        "framesync": "^4.0.4",
        "hey-listen": "^1.0.8",
        "style-value-types": "^3.1.5"
      }
    },
    "emojis-list": {
      "version": "2.1.0",
      "resolved": "https://registry.npmjs.org/emojis-list/-/emojis-list-2.1.0.tgz",
      "integrity": "sha1-TapNnbAPmBmIDHn6RXrlsJof04k="
    },
    "framer-motion": {
      "version": "1.2.2",
      "resolved": "https://registry.npmjs.org/framer-motion/-/framer-motion-1.2.2.tgz",
      "integrity": "sha512-tpxlE3e2WoBUZshDxYREBnpUc0Nlc0D8uuyzweV9fp/p+13xkoeggzZiyOr1bhnUp36AzNHetXvynnjXh9D5tw==",
      "requires": {
        "@popmotion/easing": "^1.0.2",
        "@popmotion/popcorn": "^0.4.1",
        "framesync": "^4.0.4",
        "hey-listen": "^1.0.8",
        "popmotion": "^9.0.0-beta-7",
        "style-value-types": "^3.1.5",
        "stylefire": "^6.0.4",
        "tslib": "^1.10.0"
      }
    },
    "framesync": {
      "version": "4.0.4",
      "resolved": "https://registry.npmjs.org/framesync/-/framesync-4.0.4.tgz",
      "integrity": "sha512-mdP0WvVHe0/qA62KG2LFUAOiWLng5GLpscRlwzBxu2VXOp6B8hNs5C5XlFigsMgrfDrr2YbqTsgdWZTc4RXRMQ==",
      "requires": {
        "hey-listen": "^1.0.8",
        "tslib": "^1.10.0"
      }
    },
    "hey-listen": {
      "version": "1.0.8",
      "resolved": "https://registry.npmjs.org/hey-listen/-/hey-listen-1.0.8.tgz",
      "integrity": "sha512-COpmrF2NOg4TBWUJ5UVyaCU2A88wEMkUPK4hNqyCkqHbxT92BbvfjoSozkAIIm6XhicGlJHhFdullInrdhwU8Q=="
    },
    "popmotion": {
      "version": "9.0.0-beta-7",
      "resolved": "https://registry.npmjs.org/popmotion/-/popmotion-9.0.0-beta-7.tgz",
      "integrity": "sha512-kNDEKgcYBPvGUCKVIslYqhao66hK6fQPTCdjIJag4bAMllqDHM0j0azkFo3+GxhR8YN2LEQOSsEKOZZpeMQlyw==",
      "requires": {
        "@popmotion/easing": "^1.0.1",
        "@popmotion/popcorn": "^0.4.1",
        "framesync": "^4.0.4",
        "hey-listen": "^1.0.8",
        "style-value-types": "^3.1.5",
        "tslib": "^1.10.0"
      }
    },
    "style-value-types": {
      "version": "3.1.5",
      "resolved": "https://registry.npmjs.org/style-value-types/-/style-value-types-3.1.5.tgz",
      "integrity": "sha512-D4ksO88QUxpqiogoyl5nKvFgOpoNZrD4pr0BbZRdS2WsPdVYetdbKUtbsBlwX5mUdfXfoMNuv2pS8h+XRey+Eg==",
      "requires": {
        "tslib": "^1.10.0"
      }
    },
    "stylefire": {
      "version": "6.0.4",
      "resolved": "https://registry.npmjs.org/stylefire/-/stylefire-6.0.4.tgz",
      "integrity": "sha512-94jy496blL+/zfqmxRYXl4xApvwndG6V9YubVIDxkULI6hiTdZqamBqWemusMNMXgrqzNKp8JjcH898+UD9K/A==",
      "requires": {
        "@popmotion/popcorn": "^0.4.1",
        "framesync": "^4.0.4",
        "hey-listen": "^1.0.8",
        "style-value-types": "^3.1.5",
        "tslib": "^1.10.0"
      }
    },
    "tslib": {
      "version": "1.10.0",
      "resolved": "https://registry.npmjs.org/tslib/-/tslib-1.10.0.tgz",
      "integrity": "sha512-qOebF53frne81cf0S9B41ByenJ3/IuH8yJKngAX35CmiZySA0khhkovshKK+jGCaMnVomla7gVlIcc3EvKPbTQ=="
    }
  }
}
